
Microsoft Visual Studio Solution File, Format Version 12.00
# Visual Studio Version 18
VisualStudioVersion = 18.0.11205.157
MinimumVisualStudioVersion = 10.0.40219.1
Project("{FAE04EC0-301F-11D3-BF4B-00C04F79EFBC}") = "App", "App\App.csproj", "{EEFBC3CF-D542-43D6-B963-2328FB0905B3}"
EndProject
Project("{C7167F0D-BC9F-4E6E-AFE1-012C56B48DB5}") = "App (Package)", "App (Package)\App (Package).wapproj", "{0CACF5C0-18BF-483A-8F5D-72CA22A9C54E}"
EndProject
Project("{FAE04EC0-301F-11D3-BF4B-00C04F79EFBC}") = "IOCore", "..\..\..\iocore\Core\IOCore.csproj", "{12473834-4232-440A-B3D9-41641AF80A8C}"
EndProject
Project("{FAE04EC0-301F-11D3-BF4B-00C04F79EFBC}") = "ZAnnotation", "..\..\..\iocore\Annotation\ZAnnotation.csproj", "{4D1A887B-DBCD-E826-15B8-7C354862638B}"
EndProject
Project("{FAE04EC0-301F-11D3-BF4B-00C04F79EFBC}") = "ZGenerator", "..\..\..\iocore\Generator\ZGenerator.csproj", "{3BAAE584-B63C-8945-D3A2-761067C3564C}"
EndProject
Project("{FAE04EC0-301F-11D3-BF4B-00C04F79EFBC}") = "IOWMI", "..\..\..\iowmi\IOWMI.csproj", "{51A8D71B-55B2-0BA5-C0EC-9D055ECCCDD6}"
EndProject
Global
	GlobalSection(SolutionConfigurationPlatforms) = preSolution
		Debug|ARM64 = Debug|ARM64
		Debug|x64 = Debug|x64
		Debug|x86 = Debug|x86
		Release|ARM64 = Release|ARM64
		Release|x64 = Release|x64
		Release|x86 = Release|x86
	EndGlobalSection
	GlobalSection(ProjectConfigurationPlatforms) = postSolution
		{EEFBC3CF-D542-43D6-B963-2328FB0905B3}.Debug|ARM64.ActiveCfg = Debug|ARM64
		{EEFBC3CF-D542-43D6-B963-2328FB0905B3}.Debug|ARM64.Build.0 = Debug|ARM64
		{EEFBC3CF-D542-43D6-B963-2328FB0905B3}.Debug|x64.ActiveCfg = Debug|x64
		{EEFBC3CF-D542-43D6-B963-2328FB0905B3}.Debug|x64.Build.0 = Debug|x64
		{EEFBC3CF-D542-43D6-B963-2328FB0905B3}.Debug|x86.ActiveCfg = Debug|x86
		{EEFBC3CF-D542-43D6-B963-2328FB0905B3}.Debug|x86.Build.0 = Debug|x86
		{EEFBC3CF-D542-43D6-B963-2328FB0905B3}.Release|ARM64.ActiveCfg = Release|ARM64
		{EEFBC3CF-D542-43D6-B963-2328FB0905B3}.Release|ARM64.Build.0 = Release|ARM64
		{EEFBC3CF-D542-43D6-B963-2328FB0905B3}.Release|x64.ActiveCfg = Release|x64
		{EEFBC3CF-D542-43D6-B963-2328FB0905B3}.Release|x64.Build.0 = Release|x64
		{EEFBC3CF-D542-43D6-B963-2328FB0905B3}.Release|x86.ActiveCfg = Release|x86
		{EEFBC3CF-D542-43D6-B963-2328FB0905B3}.Release|x86.Build.0 = Release|x86
		{0CACF5C0-18BF-483A-8F5D-72CA22A9C54E}.Debug|ARM64.ActiveCfg = Debug|ARM64
		{0CACF5C0-18BF-483A-8F5D-72CA22A9C54E}.Debug|ARM64.Build.0 = Debug|ARM64
		{0CACF5C0-18BF-483A-8F5D-72CA22A9C54E}.Debug|ARM64.Deploy.0 = Debug|ARM64
		{0CACF5C0-18BF-483A-8F5D-72CA22A9C54E}.Debug|x64.ActiveCfg = Debug|x64
		{0CACF5C0-18BF-483A-8F5D-72CA22A9C54E}.Debug|x64.Build.0 = Debug|x64
		{0CACF5C0-18BF-483A-8F5D-72CA22A9C54E}.Debug|x64.Deploy.0 = Debug|x64
		{0CACF5C0-18BF-483A-8F5D-72CA22A9C54E}.Debug|x86.ActiveCfg = Debug|x86
		{0CACF5C0-18BF-483A-8F5D-72CA22A9C54E}.Debug|x86.Build.0 = Debug|x86
		{0CACF5C0-18BF-483A-8F5D-72CA22A9C54E}.Debug|x86.Deploy.0 = Debug|x86
		{0CACF5C0-18BF-483A-8F5D-72CA22A9C54E}.Release|ARM64.ActiveCfg = Release|ARM64
		{0CACF5C0-18BF-483A-8F5D-72CA22A9C54E}.Release|ARM64.Build.0 = Release|ARM64
		{0CACF5C0-18BF-483A-8F5D-72CA22A9C54E}.Release|ARM64.Deploy.0 = Release|ARM64
		{0CACF5C0-18BF-483A-8F5D-72CA22A9C54E}.Release|x64.ActiveCfg = Release|x64
		{0CACF5C0-18BF-483A-8F5D-72CA22A9C54E}.Release|x64.Build.0 = Release|x64
		{0CACF5C0-18BF-483A-8F5D-72CA22A9C54E}.Release|x64.Deploy.0 = Release|x64
		{0CACF5C0-18BF-483A-8F5D-72CA22A9C54E}.Release|x86.ActiveCfg = Release|x86
		{0CACF5C0-18BF-483A-8F5D-72CA22A9C54E}.Release|x86.Build.0 = Release|x86
		{0CACF5C0-18BF-483A-8F5D-72CA22A9C54E}.Release|x86.Deploy.0 = Release|x86
		{12473834-4232-440A-B3D9-41641AF80A8C}.Debug|ARM64.ActiveCfg = Debug|ARM64
		{12473834-4232-440A-B3D9-41641AF80A8C}.Debug|ARM64.Build.0 = Debug|ARM64
		{12473834-4232-440A-B3D9-41641AF80A8C}.Debug|x64.ActiveCfg = Debug|x64
		{12473834-4232-440A-B3D9-41641AF80A8C}.Debug|x64.Build.0 = Debug|x64
		{12473834-4232-440A-B3D9-41641AF80A8C}.Debug|x86.ActiveCfg = Debug|x86
		{12473834-4232-440A-B3D9-41641AF80A8C}.Debug|x86.Build.0 = Debug|x86
		{12473834-4232-440A-B3D9-41641AF80A8C}.Release|ARM64.ActiveCfg = Release|ARM64
		{12473834-4232-440A-B3D9-41641AF80A8C}.Release|ARM64.Build.0 = Release|ARM64
		{12473834-4232-440A-B3D9-41641AF80A8C}.Release|x64.ActiveCfg = Release|x64
		{12473834-4232-440A-B3D9-41641AF80A8C}.Release|x64.Build.0 = Release|x64
		{12473834-4232-440A-B3D9-41641AF80A8C}.Release|x86.ActiveCfg = Release|x86
		{12473834-4232-440A-B3D9-41641AF80A8C}.Release|x86.Build.0 = Release|x86
		{4D1A887B-DBCD-E826-15B8-7C354862638B}.Debug|ARM64.ActiveCfg = Debug|Any CPU
		{4D1A887B-DBCD-E826-15B8-7C354862638B}.Debug|ARM64.Build.0 = Debug|Any CPU
		{4D1A887B-DBCD-E826-15B8-7C354862638B}.Debug|x64.ActiveCfg = Debug|Any CPU
		{4D1A887B-DBCD-E826-15B8-7C354862638B}.Debug|x64.Build.0 = Debug|Any CPU
		{4D1A887B-DBCD-E826-15B8-7C354862638B}.Debug|x86.ActiveCfg = Debug|Any CPU
		{4D1A887B-DBCD-E826-15B8-7C354862638B}.Debug|x86.Build.0 = Debug|Any CPU
		{4D1A887B-DBCD-E826-15B8-7C354862638B}.Release|ARM64.ActiveCfg = Release|Any CPU
		{4D1A887B-DBCD-E826-15B8-7C354862638B}.Release|ARM64.Build.0 = Release|Any CPU
		{4D1A887B-DBCD-E826-15B8-7C354862638B}.Release|x64.ActiveCfg = Release|Any CPU
		{4D1A887B-DBCD-E826-15B8-7C354862638B}.Release|x64.Build.0 = Release|Any CPU
		{4D1A887B-DBCD-E826-15B8-7C354862638B}.Release|x86.ActiveCfg = Release|Any CPU
		{4D1A887B-DBCD-E826-15B8-7C354862638B}.Release|x86.Build.0 = Release|Any CPU
		{3BAAE584-B63C-8945-D3A2-761067C3564C}.Debug|ARM64.ActiveCfg = Debug|Any CPU
		{3BAAE584-B63C-8945-D3A2-761067C3564C}.Debug|ARM64.Build.0 = Debug|Any CPU
		{3BAAE584-B63C-8945-D3A2-761067C3564C}.Debug|x64.ActiveCfg = Debug|Any CPU
		{3BAAE584-B63C-8945-D3A2-761067C3564C}.Debug|x64.Build.0 = Debug|Any CPU
		{3BAAE584-B63C-8945-D3A2-761067C3564C}.Debug|x86.ActiveCfg = Debug|Any CPU
		{3BAAE584-B63C-8945-D3A2-761067C3564C}.Debug|x86.Build.0 = Debug|Any CPU
		{3BAAE584-B63C-8945-D3A2-761067C3564C}.Release|ARM64.ActiveCfg = Release|Any CPU
		{3BAAE584-B63C-8945-D3A2-761067C3564C}.Release|ARM64.Build.0 = Release|Any CPU
		{3BAAE584-B63C-8945-D3A2-761067C3564C}.Release|x64.ActiveCfg = Release|Any CPU
		{3BAAE584-B63C-8945-D3A2-761067C3564C}.Release|x64.Build.0 = Release|Any CPU
		{3BAAE584-B63C-8945-D3A2-761067C3564C}.Release|x86.ActiveCfg = Release|Any CPU
		{3BAAE584-B63C-8945-D3A2-761067C3564C}.Release|x86.Build.0 = Release|Any CPU
		{51A8D71B-55B2-0BA5-C0EC-9D055ECCCDD6}.Debug|ARM64.ActiveCfg = Debug|ARM64
		{51A8D71B-55B2-0BA5-C0EC-9D055ECCCDD6}.Debug|ARM64.Build.0 = Debug|ARM64
		{51A8D71B-55B2-0BA5-C0EC-9D055ECCCDD6}.Debug|x64.ActiveCfg = Debug|x64
		{51A8D71B-55B2-0BA5-C0EC-9D055ECCCDD6}.Debug|x64.Build.0 = Debug|x64
		{51A8D71B-55B2-0BA5-C0EC-9D055ECCCDD6}.Debug|x86.ActiveCfg = Debug|x86
		{51A8D71B-55B2-0BA5-C0EC-9D055ECCCDD6}.Debug|x86.Build.0 = Debug|x86
		{51A8D71B-55B2-0BA5-C0EC-9D055ECCCDD6}.Release|ARM64.ActiveCfg = Release|ARM64
		{51A8D71B-55B2-0BA5-C0EC-9D055ECCCDD6}.Release|ARM64.Build.0 = Release|ARM64
		{51A8D71B-55B2-0BA5-C0EC-9D055ECCCDD6}.Release|x64.ActiveCfg = Release|x64
		{51A8D71B-55B2-0BA5-C0EC-9D055ECCCDD6}.Release|x64.Build.0 = Release|x64
		{51A8D71B-55B2-0BA5-C0EC-9D055ECCCDD6}.Release|x86.ActiveCfg = Release|x86
		{51A8D71B-55B2-0BA5-C0EC-9D055ECCCDD6}.Release|x86.Build.0 = Release|x86
	EndGlobalSection
	GlobalSection(SolutionProperties) = preSolution
		HideSolutionNode = FALSE
	EndGlobalSection
	GlobalSection(ExtensibilityGlobals) = postSolution
		SolutionGuid = {F7D0052E-D438-47C5-B8A6-63CBCD7AF89F}
	EndGlobalSection
EndGlobal
